
Microsoft Visual Studio Solution File, Format Version 12.00
# Visual Studio Version 16
VisualStudioVersion = 16.0.31205.134
MinimumVisualStudioVersion = 10.0.40219.1
Project("{FAE04EC0-301F-11D3-BF4B-00C04F79EFBC}") = "SignalRApp", "SignalRApp.csproj", "{F2F4BA98-A7C2-46AC-ABBC-FB1889E814C6}"
EndProject
Global
	GlobalSection(SolutionConfigurationPlatforms) = preSolution
		Debug|Any CPU = Debug|Any CPU
		Release|Any CPU = Release|Any CPU
	EndGlobalSection
	GlobalSection(ProjectConfigurationPlatforms) = postSolution
		{F2F4BA98-A7C2-46AC-ABBC-FB1889E814C6}.Debug|Any CPU.ActiveCfg = Debug|Any CPU
		{F2F4BA98-A7C2-46AC-ABBC-FB1889E814C6}.Debug|Any CPU.Build.0 = Debug|Any CPU
		{F2F4BA98-A7C2-46AC-ABBC-FB1889E814C6}.Release|Any CPU.ActiveCfg = Release|Any CPU
		{F2F4BA98-A7C2-46AC-ABBC-FB1889E814C6}.Release|Any CPU.Build.0 = Release|Any CPU
	EndGlobalSection
	GlobalSection(SolutionProperties) = preSolution
		HideSolutionNode = FALSE
	EndGlobalSection
	GlobalSection(ExtensibilityGlobals) = postSolution
		SolutionGuid = {8A25AF3D-7465-4121-9B2C-0908FA795661}
	EndGlobalSection
EndGlobal
